
Microsoft Visual Studio Solution File, Format Version 12.00
# Visual Studio Version 17
VisualStudioVersion = 17.5.002.0
MinimumVisualStudioVersion = 10.0.40219.1
Project("{9A19103F-16F7-4668-BE54-9A1E7A4F7556}") = "AITravelAgent", "Solution\AITravelAgent.csproj", "{2201B136-A8DB-4501-9C72-D0F915D260E0}"
EndProject
Project("{9A19103F-16F7-4668-BE54-9A1E7A4F7556}") = "AITravelAgent (1)", "Starter\AITravelAgent.csproj", "{A51E5F05-F924-4262-BF29-9879CE1D260F}"
EndProject
Global
	GlobalSection(SolutionConfigurationPlatforms) = preSolution
		Debug|Any CPU = Debug|Any CPU
		Release|Any CPU = Release|Any CPU
	EndGlobalSection
	GlobalSection(ProjectConfigurationPlatforms) = postSolution
		{2201B136-A8DB-4501-9C72-D0F915D260E0}.Debug|Any CPU.ActiveCfg = Debug|Any CPU
		{2201B136-A8DB-4501-9C72-D0F915D260E0}.Debug|Any CPU.Build.0 = Debug|Any CPU
		{2201B136-A8DB-4501-9C72-D0F915D260E0}.Release|Any CPU.ActiveCfg = Release|Any CPU
		{2201B136-A8DB-4501-9C72-D0F915D260E0}.Release|Any CPU.Build.0 = Release|Any CPU
		{A51E5F05-F924-4262-BF29-9879CE1D260F}.Debug|Any CPU.ActiveCfg = Debug|Any CPU
		{A51E5F05-F924-4262-BF29-9879CE1D260F}.Debug|Any CPU.Build.0 = Debug|Any CPU
		{A51E5F05-F924-4262-BF29-9879CE1D260F}.Release|Any CPU.ActiveCfg = Release|Any CPU
		{A51E5F05-F924-4262-BF29-9879CE1D260F}.Release|Any CPU.Build.0 = Release|Any CPU
	EndGlobalSection
	GlobalSection(SolutionProperties) = preSolution
		HideSolutionNode = FALSE
	EndGlobalSection
	GlobalSection(ExtensibilityGlobals) = postSolution
		SolutionGuid = {D49770B3-7A26-4AC6-B6DB-38E5272AC740}
	EndGlobalSection
EndGlobal
